{
  "name": "project-root",
  "version": "1.0.0",
  "lockfileVersion": 2,
  "requires": true,
  "packages": {
    "": {
      "name": "project-root",
      "version": "1.0.0",
      "hasInstallScript": true,
      "license": "ISC",
      "dependencies": {
        "@types/bull": "^3.15.8"
      }
    },
    "node_modules/@types/bull": {
      "version": "3.15.8",
      "resolved": "https://registry.npmjs.org/@types/bull/-/bull-3.15.8.tgz",
      "integrity": "sha512-8DbSPMSsZH5PWPnGEkAZLYgJEH4ghHJNKF7LB6Wr5R0/v6g+Vs+JoaA7kcvLtHE936xg2WpFPkaoaJgExOmKDw==",
      "dependencies": {
        "@types/ioredis": "*",
        "@types/redis": "^2.8.0"
      }
    },
    "node_modules/@types/ioredis": {
      "version": "4.28.10",
      "resolved": "https://registry.npmjs.org/@types/ioredis/-/ioredis-4.28.10.tgz",
      "integrity": "sha512-69LyhUgrXdgcNDv7ogs1qXZomnfOEnSmrmMFqKgt1XMJxmoOSG/u3wYy13yACIfKuMJ8IhKgHafDO3sx19zVQQ==",
      "dependencies": {
        "@types/node": "*"
      }
    },
    "node_modules/@types/node": {
      "version": "17.0.41",
      "resolved": "https://registry.npmjs.org/@types/node/-/node-17.0.41.tgz",
      "integrity": "sha512-xA6drNNeqb5YyV5fO3OAEsnXLfO7uF0whiOfPTz5AeDo8KeZFmODKnvwPymMNO8qE/an8pVY/O50tig2SQCrGw=="
    },
    "node_modules/@types/redis": {
      "version": "2.8.32",
      "resolved": "https://registry.npmjs.org/@types/redis/-/redis-2.8.32.tgz",
      "integrity": "sha512-7jkMKxcGq9p242exlbsVzuJb57KqHRhNl4dHoQu2Y5v9bCAbtIXXH0R3HleSQW4CTOqpHIYUW3t6tpUj4BVQ+w==",
      "dependencies": {
        "@types/node": "*"
      }
    }
  },
  "dependencies": {
    "@types/bull": {
      "version": "3.15.8",
      "resolved": "https://registry.npmjs.org/@types/bull/-/bull-3.15.8.tgz",
      "integrity": "sha512-8DbSPMSsZH5PWPnGEkAZLYgJEH4ghHJNKF7LB6Wr5R0/v6g+Vs+JoaA7kcvLtHE936xg2WpFPkaoaJgExOmKDw==",
      "requires": {
        "@types/ioredis": "*",
        "@types/redis": "^2.8.0"
      }
    },
    "@types/ioredis": {
      "version": "4.28.10",
      "resolved": "https://registry.npmjs.org/@types/ioredis/-/ioredis-4.28.10.tgz",
      "integrity": "sha512-69LyhUgrXdgcNDv7ogs1qXZomnfOEnSmrmMFqKgt1XMJxmoOSG/u3wYy13yACIfKuMJ8IhKgHafDO3sx19zVQQ==",
      "requires": {
        "@types/node": "*"
      }
    },
    "@types/node": {
      "version": "17.0.41",
      "resolved": "https://registry.npmjs.org/@types/node/-/node-17.0.41.tgz",
      "integrity": "sha512-xA6drNNeqb5YyV5fO3OAEsnXLfO7uF0whiOfPTz5AeDo8KeZFmODKnvwPymMNO8qE/an8pVY/O50tig2SQCrGw=="
    },
    "@types/redis": {
      "version": "2.8.32",
      "resolved": "https://registry.npmjs.org/@types/redis/-/redis-2.8.32.tgz",
      "integrity": "sha512-7jkMKxcGq9p242exlbsVzuJb57KqHRhNl4dHoQu2Y5v9bCAbtIXXH0R3HleSQW4CTOqpHIYUW3t6tpUj4BVQ+w==",
      "requires": {
        "@types/node": "*"
      }
    }
  }
}
