{
  "name": "appev",
  "version": "1.0.0",
  "lockfileVersion": 2,
  "requires": true,
  "packages": {
    "": {
      "name": "appev",
      "version": "1.0.0",
      "license": "ISC",
      "dependencies": {
        "es6-interface": "^3.2.1"
      }
    },
    "node_modules/es6-interface": {
      "version": "3.2.1",
      "resolved": "https://registry.npmjs.org/es6-interface/-/es6-interface-3.2.1.tgz",
      "integrity": "sha512-zEXxTZOYXtUN1lwR0ffdeSn/2AzwzRJt5BSj46Or3jpwioEDlKvhSFSOYXW75MZFOihMbR5upjHPtXLb7amjHA=="
    }
  },
  "dependencies": {
    "es6-interface": {
      "version": "3.2.1",
      "resolved": "https://registry.npmjs.org/es6-interface/-/es6-interface-3.2.1.tgz",
      "integrity": "sha512-zEXxTZOYXtUN1lwR0ffdeSn/2AzwzRJt5BSj46Or3jpwioEDlKvhSFSOYXW75MZFOihMbR5upjHPtXLb7amjHA=="
    }
  }
}
